
Microsoft Visual Studio Solution File, Format Version 12.00
# Visual Studio 2013
VisualStudioVersion = 12.0.31101.0
MinimumVisualStudioVersion = 10.0.40219.1
Project("{FAE04EC0-301F-11D3-BF4B-00C04F79EFBC}") = "cpSQLserverMVC", "cpSQLserverMVC\cpSQLserverMVC.csproj", "{232101B9-12E5-4D04-92BA-5B76607D0D46}"
EndProject
Project("{FAE04EC0-301F-11D3-BF4B-00C04F79EFBC}") = "cpSQLserverMVC.Tests", "cpSQLserverMVC.Tests\cpSQLserverMVC.Tests.csproj", "{D4CCA2BF-FE16-41A6-9A02-C8F7F678828E}"
EndProject
Project("{FAE04EC0-301F-11D3-BF4B-00C04F79EFBC}") = "cpSQLserverConsole", "cpSQLserverConsole\cpSQLserverConsole.csproj", "{289800C5-8CDA-497C-BC06-72D6E3A8ABA7}"
EndProject
Global
	GlobalSection(SolutionConfigurationPlatforms) = preSolution
		Debug|Any CPU = Debug|Any CPU
		Release|Any CPU = Release|Any CPU
	EndGlobalSection
	GlobalSection(ProjectConfigurationPlatforms) = postSolution
		{232101B9-12E5-4D04-92BA-5B76607D0D46}.Debug|Any CPU.ActiveCfg = Debug|Any CPU
		{232101B9-12E5-4D04-92BA-5B76607D0D46}.Debug|Any CPU.Build.0 = Debug|Any CPU
		{232101B9-12E5-4D04-92BA-5B76607D0D46}.Release|Any CPU.ActiveCfg = Release|Any CPU
		{232101B9-12E5-4D04-92BA-5B76607D0D46}.Release|Any CPU.Build.0 = Release|Any CPU
		{D4CCA2BF-FE16-41A6-9A02-C8F7F678828E}.Debug|Any CPU.ActiveCfg = Debug|Any CPU
		{D4CCA2BF-FE16-41A6-9A02-C8F7F678828E}.Debug|Any CPU.Build.0 = Debug|Any CPU
		{D4CCA2BF-FE16-41A6-9A02-C8F7F678828E}.Release|Any CPU.ActiveCfg = Release|Any CPU
		{D4CCA2BF-FE16-41A6-9A02-C8F7F678828E}.Release|Any CPU.Build.0 = Release|Any CPU
		{289800C5-8CDA-497C-BC06-72D6E3A8ABA7}.Debug|Any CPU.ActiveCfg = Debug|Any CPU
		{289800C5-8CDA-497C-BC06-72D6E3A8ABA7}.Debug|Any CPU.Build.0 = Debug|Any CPU
		{289800C5-8CDA-497C-BC06-72D6E3A8ABA7}.Release|Any CPU.ActiveCfg = Release|Any CPU
		{289800C5-8CDA-497C-BC06-72D6E3A8ABA7}.Release|Any CPU.Build.0 = Release|Any CPU
	EndGlobalSection
	GlobalSection(SolutionProperties) = preSolution
		HideSolutionNode = FALSE
	EndGlobalSection
EndGlobal
